
Microsoft Visual Studio Solution File, Format Version 12.00
# Visual Studio Version 16
VisualStudioVersion = 16.0.30517.126
MinimumVisualStudioVersion = 10.0.40219.1
Project("{2150E333-8FDC-42A3-9474-1A3956D46DE8}") = "src", "src", "{A009F9F6-007C-463E-A6C8-1F2B02992BE2}"
EndProject
Project("{2150E333-8FDC-42A3-9474-1A3956D46DE8}") = "tests", "tests", "{511EA552-D587-4357-9201-1BD61977FB7A}"
EndProject
Project("{9A19103F-16F7-4668-BE54-9A1E7A4F7556}") = "NetworkModelCode.Core", "NetworkModelCode.Core\NetworkModelCode.Core.csproj", "{8ECF2FE3-7AEC-4C82-ADA5-255FD6E9E94A}"
EndProject
Project("{9A19103F-16F7-4668-BE54-9A1E7A4F7556}") = "NetworkModelCode.Infrastructure", "NetworkModelCode.Infrastructure\NetworkModelCode.Infrastructure.csproj", "{701DC4E3-3AC7-4090-9A6F-4E1CF3B31416}"
EndProject
Project("{9A19103F-16F7-4668-BE54-9A1E7A4F7556}") = "NetworkModelCode.Tests", "NetworkModelCode.Tests\NetworkModelCode.Tests.csproj", "{8AB19DC2-C563-4CE2-915C-15B4D3B2E199}"
EndProject
Project("{9A19103F-16F7-4668-BE54-9A1E7A4F7556}") = "NetworkModelCode.Desktop", "NetworkModelCode.Desktop\NetworkModelCode.Desktop.csproj", "{7EDFEFE3-0C93-4E4E-8758-4FDA60DD3310}"
EndProject
Project("{FAE04EC0-301F-11D3-BF4B-00C04F79EFBC}") = "NetworkModelCode.Repository", "NetworkModelCode.Repository\NetworkModelCode.Repository.csproj", "{345890F4-3F03-4CC9-87E1-76544E3FC140}"
EndProject
Global
	GlobalSection(SolutionConfigurationPlatforms) = preSolution
		Debug|Any CPU = Debug|Any CPU
		Release|Any CPU = Release|Any CPU
	EndGlobalSection
	GlobalSection(ProjectConfigurationPlatforms) = postSolution
		{8ECF2FE3-7AEC-4C82-ADA5-255FD6E9E94A}.Debug|Any CPU.ActiveCfg = Debug|Any CPU
		{8ECF2FE3-7AEC-4C82-ADA5-255FD6E9E94A}.Debug|Any CPU.Build.0 = Debug|Any CPU
		{8ECF2FE3-7AEC-4C82-ADA5-255FD6E9E94A}.Release|Any CPU.ActiveCfg = Release|Any CPU
		{8ECF2FE3-7AEC-4C82-ADA5-255FD6E9E94A}.Release|Any CPU.Build.0 = Release|Any CPU
		{701DC4E3-3AC7-4090-9A6F-4E1CF3B31416}.Debug|Any CPU.ActiveCfg = Debug|Any CPU
		{701DC4E3-3AC7-4090-9A6F-4E1CF3B31416}.Debug|Any CPU.Build.0 = Debug|Any CPU
		{701DC4E3-3AC7-4090-9A6F-4E1CF3B31416}.Release|Any CPU.ActiveCfg = Release|Any CPU
		{701DC4E3-3AC7-4090-9A6F-4E1CF3B31416}.Release|Any CPU.Build.0 = Release|Any CPU
		{8AB19DC2-C563-4CE2-915C-15B4D3B2E199}.Debug|Any CPU.ActiveCfg = Debug|Any CPU
		{8AB19DC2-C563-4CE2-915C-15B4D3B2E199}.Debug|Any CPU.Build.0 = Debug|Any CPU
		{8AB19DC2-C563-4CE2-915C-15B4D3B2E199}.Release|Any CPU.ActiveCfg = Release|Any CPU
		{8AB19DC2-C563-4CE2-915C-15B4D3B2E199}.Release|Any CPU.Build.0 = Release|Any CPU
		{7EDFEFE3-0C93-4E4E-8758-4FDA60DD3310}.Debug|Any CPU.ActiveCfg = Debug|Any CPU
		{7EDFEFE3-0C93-4E4E-8758-4FDA60DD3310}.Debug|Any CPU.Build.0 = Debug|Any CPU
		{7EDFEFE3-0C93-4E4E-8758-4FDA60DD3310}.Release|Any CPU.ActiveCfg = Release|Any CPU
		{7EDFEFE3-0C93-4E4E-8758-4FDA60DD3310}.Release|Any CPU.Build.0 = Release|Any CPU
		{345890F4-3F03-4CC9-87E1-76544E3FC140}.Debug|Any CPU.ActiveCfg = Debug|Any CPU
		{345890F4-3F03-4CC9-87E1-76544E3FC140}.Debug|Any CPU.Build.0 = Debug|Any CPU
		{345890F4-3F03-4CC9-87E1-76544E3FC140}.Release|Any CPU.ActiveCfg = Release|Any CPU
		{345890F4-3F03-4CC9-87E1-76544E3FC140}.Release|Any CPU.Build.0 = Release|Any CPU
	EndGlobalSection
	GlobalSection(SolutionProperties) = preSolution
		HideSolutionNode = FALSE
	EndGlobalSection
	GlobalSection(NestedProjects) = preSolution
		{8ECF2FE3-7AEC-4C82-ADA5-255FD6E9E94A} = {A009F9F6-007C-463E-A6C8-1F2B02992BE2}
		{701DC4E3-3AC7-4090-9A6F-4E1CF3B31416} = {A009F9F6-007C-463E-A6C8-1F2B02992BE2}
		{8AB19DC2-C563-4CE2-915C-15B4D3B2E199} = {511EA552-D587-4357-9201-1BD61977FB7A}
		{7EDFEFE3-0C93-4E4E-8758-4FDA60DD3310} = {A009F9F6-007C-463E-A6C8-1F2B02992BE2}
		{345890F4-3F03-4CC9-87E1-76544E3FC140} = {A009F9F6-007C-463E-A6C8-1F2B02992BE2}
	EndGlobalSection
	GlobalSection(ExtensibilityGlobals) = postSolution
		SolutionGuid = {F2706C5D-35DE-4410-942D-0C7F11D46C0F}
	EndGlobalSection
EndGlobal
